
Microsoft Visual Studio Solution File, Format Version 12.00
# Visual Studio 15
VisualStudioVersion = 15.0.26124.0
MinimumVisualStudioVersion = 15.0.26124.0
Project("{FAE04EC0-301F-11D3-BF4B-00C04F79EFBC}") = "webapi", "webapi\webapi.csproj", "{3F9304B8-C83B-402E-8CBB-A9A4AF445B51}"
EndProject
Project("{FAE04EC0-301F-11D3-BF4B-00C04F79EFBC}") = "webapi.tests", "webapi.tests\webapi.tests.csproj", "{FB971D36-EDD0-442D-B4E9-DD27FD360BB0}"
EndProject
Global
	GlobalSection(SolutionConfigurationPlatforms) = preSolution
		Debug|Any CPU = Debug|Any CPU
		Debug|x64 = Debug|x64
		Debug|x86 = Debug|x86
		Release|Any CPU = Release|Any CPU
		Release|x64 = Release|x64
		Release|x86 = Release|x86
	EndGlobalSection
	GlobalSection(SolutionProperties) = preSolution
		HideSolutionNode = FALSE
	EndGlobalSection
	GlobalSection(ProjectConfigurationPlatforms) = postSolution
		{3F9304B8-C83B-402E-8CBB-A9A4AF445B51}.Debug|Any CPU.ActiveCfg = Debug|Any CPU
		{3F9304B8-C83B-402E-8CBB-A9A4AF445B51}.Debug|Any CPU.Build.0 = Debug|Any CPU
		{3F9304B8-C83B-402E-8CBB-A9A4AF445B51}.Debug|x64.ActiveCfg = Debug|Any CPU
		{3F9304B8-C83B-402E-8CBB-A9A4AF445B51}.Debug|x64.Build.0 = Debug|Any CPU
		{3F9304B8-C83B-402E-8CBB-A9A4AF445B51}.Debug|x86.ActiveCfg = Debug|Any CPU
		{3F9304B8-C83B-402E-8CBB-A9A4AF445B51}.Debug|x86.Build.0 = Debug|Any CPU
		{3F9304B8-C83B-402E-8CBB-A9A4AF445B51}.Release|Any CPU.ActiveCfg = Release|Any CPU
		{3F9304B8-C83B-402E-8CBB-A9A4AF445B51}.Release|Any CPU.Build.0 = Release|Any CPU
		{3F9304B8-C83B-402E-8CBB-A9A4AF445B51}.Release|x64.ActiveCfg = Release|Any CPU
		{3F9304B8-C83B-402E-8CBB-A9A4AF445B51}.Release|x64.Build.0 = Release|Any CPU
		{3F9304B8-C83B-402E-8CBB-A9A4AF445B51}.Release|x86.ActiveCfg = Release|Any CPU
		{3F9304B8-C83B-402E-8CBB-A9A4AF445B51}.Release|x86.Build.0 = Release|Any CPU
		{FB971D36-EDD0-442D-B4E9-DD27FD360BB0}.Debug|Any CPU.ActiveCfg = Debug|Any CPU
		{FB971D36-EDD0-442D-B4E9-DD27FD360BB0}.Debug|Any CPU.Build.0 = Debug|Any CPU
		{FB971D36-EDD0-442D-B4E9-DD27FD360BB0}.Debug|x64.ActiveCfg = Debug|Any CPU
		{FB971D36-EDD0-442D-B4E9-DD27FD360BB0}.Debug|x64.Build.0 = Debug|Any CPU
		{FB971D36-EDD0-442D-B4E9-DD27FD360BB0}.Debug|x86.ActiveCfg = Debug|Any CPU
		{FB971D36-EDD0-442D-B4E9-DD27FD360BB0}.Debug|x86.Build.0 = Debug|Any CPU
		{FB971D36-EDD0-442D-B4E9-DD27FD360BB0}.Release|Any CPU.ActiveCfg = Release|Any CPU
		{FB971D36-EDD0-442D-B4E9-DD27FD360BB0}.Release|Any CPU.Build.0 = Release|Any CPU
		{FB971D36-EDD0-442D-B4E9-DD27FD360BB0}.Release|x64.ActiveCfg = Release|Any CPU
		{FB971D36-EDD0-442D-B4E9-DD27FD360BB0}.Release|x64.Build.0 = Release|Any CPU
		{FB971D36-EDD0-442D-B4E9-DD27FD360BB0}.Release|x86.ActiveCfg = Release|Any CPU
		{FB971D36-EDD0-442D-B4E9-DD27FD360BB0}.Release|x86.Build.0 = Release|Any CPU
	EndGlobalSection
EndGlobal
